
Microsoft Visual Studio Solution File, Format Version 12.00
# Visual Studio Version 16
VisualStudioVersion = 16.0.29503.13
MinimumVisualStudioVersion = 10.0.40219.1
Project("{FAE04EC0-301F-11D3-BF4B-00C04F79EFBC}") = "RestHesap.Android", "RestHesap\RestHesap.Android\RestHesap.Android.csproj", "{EC9FB162-70E0-4AB4-A8FC-4065AD134C2D}"
EndProject
Project("{FAE04EC0-301F-11D3-BF4B-00C04F79EFBC}") = "RestHesap.iOS", "RestHesap\RestHesap.iOS\RestHesap.iOS.csproj", "{270D38C3-DED2-4201-88BE-8D48A9E1C94A}"
EndProject
Project("{FAE04EC0-301F-11D3-BF4B-00C04F79EFBC}") = "RestHesap", "RestHesap\RestHesap\RestHesap.csproj", "{14DA0AFF-4685-419B-BEB5-E5F81C74B74E}"
EndProject
Global
	GlobalSection(SolutionConfigurationPlatforms) = preSolution
		Debug|Any CPU = Debug|Any CPU
		Debug|iPhone = Debug|iPhone
		Debug|iPhoneSimulator = Debug|iPhoneSimulator
		Release|Any CPU = Release|Any CPU
		Release|iPhone = Release|iPhone
		Release|iPhoneSimulator = Release|iPhoneSimulator
	EndGlobalSection
	GlobalSection(ProjectConfigurationPlatforms) = postSolution
		{EC9FB162-70E0-4AB4-A8FC-4065AD134C2D}.Debug|Any CPU.ActiveCfg = Debug|Any CPU
		{EC9FB162-70E0-4AB4-A8FC-4065AD134C2D}.Debug|Any CPU.Build.0 = Debug|Any CPU
		{EC9FB162-70E0-4AB4-A8FC-4065AD134C2D}.Debug|Any CPU.Deploy.0 = Debug|Any CPU
		{EC9FB162-70E0-4AB4-A8FC-4065AD134C2D}.Debug|iPhone.ActiveCfg = Debug|Any CPU
		{EC9FB162-70E0-4AB4-A8FC-4065AD134C2D}.Debug|iPhone.Build.0 = Debug|Any CPU
		{EC9FB162-70E0-4AB4-A8FC-4065AD134C2D}.Debug|iPhone.Deploy.0 = Debug|Any CPU
		{EC9FB162-70E0-4AB4-A8FC-4065AD134C2D}.Debug|iPhoneSimulator.ActiveCfg = Debug|Any CPU
		{EC9FB162-70E0-4AB4-A8FC-4065AD134C2D}.Debug|iPhoneSimulator.Build.0 = Debug|Any CPU
		{EC9FB162-70E0-4AB4-A8FC-4065AD134C2D}.Debug|iPhoneSimulator.Deploy.0 = Debug|Any CPU
		{EC9FB162-70E0-4AB4-A8FC-4065AD134C2D}.Release|Any CPU.ActiveCfg = Release|Any CPU
		{EC9FB162-70E0-4AB4-A8FC-4065AD134C2D}.Release|Any CPU.Build.0 = Release|Any CPU
		{EC9FB162-70E0-4AB4-A8FC-4065AD134C2D}.Release|Any CPU.Deploy.0 = Release|Any CPU
		{EC9FB162-70E0-4AB4-A8FC-4065AD134C2D}.Release|iPhone.ActiveCfg = Release|Any CPU
		{EC9FB162-70E0-4AB4-A8FC-4065AD134C2D}.Release|iPhone.Build.0 = Release|Any CPU
		{EC9FB162-70E0-4AB4-A8FC-4065AD134C2D}.Release|iPhone.Deploy.0 = Release|Any CPU
		{EC9FB162-70E0-4AB4-A8FC-4065AD134C2D}.Release|iPhoneSimulator.ActiveCfg = Release|Any CPU
		{EC9FB162-70E0-4AB4-A8FC-4065AD134C2D}.Release|iPhoneSimulator.Build.0 = Release|Any CPU
		{EC9FB162-70E0-4AB4-A8FC-4065AD134C2D}.Release|iPhoneSimulator.Deploy.0 = Release|Any CPU
		{270D38C3-DED2-4201-88BE-8D48A9E1C94A}.Debug|Any CPU.ActiveCfg = Debug|iPhoneSimulator
		{270D38C3-DED2-4201-88BE-8D48A9E1C94A}.Debug|Any CPU.Build.0 = Debug|iPhoneSimulator
		{270D38C3-DED2-4201-88BE-8D48A9E1C94A}.Debug|Any CPU.Deploy.0 = Debug|iPhoneSimulator
		{270D38C3-DED2-4201-88BE-8D48A9E1C94A}.Debug|iPhone.ActiveCfg = Debug|iPhone
		{270D38C3-DED2-4201-88BE-8D48A9E1C94A}.Debug|iPhone.Build.0 = Debug|iPhone
		{270D38C3-DED2-4201-88BE-8D48A9E1C94A}.Debug|iPhone.Deploy.0 = Debug|iPhone
		{270D38C3-DED2-4201-88BE-8D48A9E1C94A}.Debug|iPhoneSimulator.ActiveCfg = Debug|iPhoneSimulator
		{270D38C3-DED2-4201-88BE-8D48A9E1C94A}.Debug|iPhoneSimulator.Build.0 = Debug|iPhoneSimulator
		{270D38C3-DED2-4201-88BE-8D48A9E1C94A}.Debug|iPhoneSimulator.Deploy.0 = Debug|iPhoneSimulator
		{270D38C3-DED2-4201-88BE-8D48A9E1C94A}.Release|Any CPU.ActiveCfg = Release|iPhone
		{270D38C3-DED2-4201-88BE-8D48A9E1C94A}.Release|Any CPU.Build.0 = Release|iPhone
		{270D38C3-DED2-4201-88BE-8D48A9E1C94A}.Release|Any CPU.Deploy.0 = Release|iPhone
		{270D38C3-DED2-4201-88BE-8D48A9E1C94A}.Release|iPhone.ActiveCfg = Release|iPhone
		{270D38C3-DED2-4201-88BE-8D48A9E1C94A}.Release|iPhone.Build.0 = Release|iPhone
		{270D38C3-DED2-4201-88BE-8D48A9E1C94A}.Release|iPhone.Deploy.0 = Release|iPhone
		{270D38C3-DED2-4201-88BE-8D48A9E1C94A}.Release|iPhoneSimulator.ActiveCfg = Release|iPhoneSimulator
		{270D38C3-DED2-4201-88BE-8D48A9E1C94A}.Release|iPhoneSimulator.Build.0 = Release|iPhoneSimulator
		{270D38C3-DED2-4201-88BE-8D48A9E1C94A}.Release|iPhoneSimulator.Deploy.0 = Release|iPhoneSimulator
		{14DA0AFF-4685-419B-BEB5-E5F81C74B74E}.Debug|Any CPU.ActiveCfg = Debug|Any CPU
		{14DA0AFF-4685-419B-BEB5-E5F81C74B74E}.Debug|Any CPU.Build.0 = Debug|Any CPU
		{14DA0AFF-4685-419B-BEB5-E5F81C74B74E}.Debug|Any CPU.Deploy.0 = Debug|Any CPU
		{14DA0AFF-4685-419B-BEB5-E5F81C74B74E}.Debug|iPhone.ActiveCfg = Debug|Any CPU
		{14DA0AFF-4685-419B-BEB5-E5F81C74B74E}.Debug|iPhone.Build.0 = Debug|Any CPU
		{14DA0AFF-4685-419B-BEB5-E5F81C74B74E}.Debug|iPhone.Deploy.0 = Debug|Any CPU
		{14DA0AFF-4685-419B-BEB5-E5F81C74B74E}.Debug|iPhoneSimulator.ActiveCfg = Debug|Any CPU
		{14DA0AFF-4685-419B-BEB5-E5F81C74B74E}.Debug|iPhoneSimulator.Build.0 = Debug|Any CPU
		{14DA0AFF-4685-419B-BEB5-E5F81C74B74E}.Debug|iPhoneSimulator.Deploy.0 = Debug|Any CPU
		{14DA0AFF-4685-419B-BEB5-E5F81C74B74E}.Release|Any CPU.ActiveCfg = Release|Any CPU
		{14DA0AFF-4685-419B-BEB5-E5F81C74B74E}.Release|Any CPU.Build.0 = Release|Any CPU
		{14DA0AFF-4685-419B-BEB5-E5F81C74B74E}.Release|Any CPU.Deploy.0 = Release|Any CPU
		{14DA0AFF-4685-419B-BEB5-E5F81C74B74E}.Release|iPhone.ActiveCfg = Release|Any CPU
		{14DA0AFF-4685-419B-BEB5-E5F81C74B74E}.Release|iPhone.Build.0 = Release|Any CPU
		{14DA0AFF-4685-419B-BEB5-E5F81C74B74E}.Release|iPhone.Deploy.0 = Release|Any CPU
		{14DA0AFF-4685-419B-BEB5-E5F81C74B74E}.Release|iPhoneSimulator.ActiveCfg = Release|Any CPU
		{14DA0AFF-4685-419B-BEB5-E5F81C74B74E}.Release|iPhoneSimulator.Build.0 = Release|Any CPU
		{14DA0AFF-4685-419B-BEB5-E5F81C74B74E}.Release|iPhoneSimulator.Deploy.0 = Release|Any CPU
	EndGlobalSection
	GlobalSection(SolutionProperties) = preSolution
		HideSolutionNode = FALSE
	EndGlobalSection
	GlobalSection(ExtensibilityGlobals) = postSolution
		SolutionGuid = {1236EE4C-713A-4A3A-A207-1B17F5E835C0}
	EndGlobalSection
EndGlobal
